
Microsoft Visual Studio Solution File, Format Version 12.00
# Visual Studio Version 17
VisualStudioVersion = 17.5.002.0
MinimumVisualStudioVersion = 10.0.40219.1
Project("{9A19103F-16F7-4668-BE54-9A1E7A4F7556}") = "dotnet-gtests", "src\dotnet-gtests.csproj", "{4FA93DEF-7EA3-4DFB-A9D9-F62B58734B77}"
EndProject
Project("{9A19103F-16F7-4668-BE54-9A1E7A4F7556}") = "tests", "tests\tests.csproj", "{7E44493A-7504-498D-9B34-452D21581C8A}"
EndProject
Global
	GlobalSection(SolutionConfigurationPlatforms) = preSolution
		Debug|Any CPU = Debug|Any CPU
		Release|Any CPU = Release|Any CPU
	EndGlobalSection
	GlobalSection(ProjectConfigurationPlatforms) = postSolution
		{4FA93DEF-7EA3-4DFB-A9D9-F62B58734B77}.Debug|Any CPU.ActiveCfg = Debug|Any CPU
		{4FA93DEF-7EA3-4DFB-A9D9-F62B58734B77}.Debug|Any CPU.Build.0 = Debug|Any CPU
		{4FA93DEF-7EA3-4DFB-A9D9-F62B58734B77}.Release|Any CPU.ActiveCfg = Release|Any CPU
		{4FA93DEF-7EA3-4DFB-A9D9-F62B58734B77}.Release|Any CPU.Build.0 = Release|Any CPU
		{7E44493A-7504-498D-9B34-452D21581C8A}.Debug|Any CPU.ActiveCfg = Debug|Any CPU
		{7E44493A-7504-498D-9B34-452D21581C8A}.Debug|Any CPU.Build.0 = Debug|Any CPU
		{7E44493A-7504-498D-9B34-452D21581C8A}.Release|Any CPU.ActiveCfg = Release|Any CPU
		{7E44493A-7504-498D-9B34-452D21581C8A}.Release|Any CPU.Build.0 = Release|Any CPU
	EndGlobalSection
	GlobalSection(SolutionProperties) = preSolution
		HideSolutionNode = FALSE
	EndGlobalSection
	GlobalSection(ExtensibilityGlobals) = postSolution
		SolutionGuid = {EBC54ADD-AFAD-496D-9F83-213AA4B29B2B}
	EndGlobalSection
EndGlobal
